
Microsoft Visual Studio Solution File, Format Version 12.00
# Visual Studio Version 17
VisualStudioVersion = 17.11.35013.160
MinimumVisualStudioVersion = 10.0.40219.1
Project("{9A19103F-16F7-4668-BE54-9A1E7A4F7556}") = "LocalAIFactory.Core", "src\LocalAIFactory.Core\LocalAIFactory.Core.csproj", "{62F3204B-B46F-4826-8C35-245297E9ED2A}"
EndProject
Project("{9A19103F-16F7-4668-BE54-9A1E7A4F7556}") = "LocalAIFactory.Data", "src\LocalAIFactory.Data\LocalAIFactory.Data.csproj", "{67115489-BB5C-4FC6-B1CE-7995D05ACBE4}"
EndProject
Project("{9A19103F-16F7-4668-BE54-9A1E7A4F7556}") = "LocalAIFactory.Rag", "src\LocalAIFactory.Rag\LocalAIFactory.Rag.csproj", "{7AD8761D-5780-49D4-AEA8-C1D1F01F2E90}"
EndProject
Project("{9A19103F-16F7-4668-BE54-9A1E7A4F7556}") = "LocalAIFactory.Agent", "src\LocalAIFactory.Agent\LocalAIFactory.Agent.csproj", "{4909200F-024F-494F-BF24-F1D4686CC443}"
EndProject
Project("{9A19103F-16F7-4668-BE54-9A1E7A4F7556}") = "LocalAIFactory.Ingestion", "src\LocalAIFactory.Ingestion\LocalAIFactory.Ingestion.csproj", "{632C10C1-3B64-4705-B5D7-B6B631D4DC79}"
EndProject
Project("{9A19103F-16F7-4668-BE54-9A1E7A4F7556}") = "LocalAIFactory.Workspaces", "src\LocalAIFactory.Workspaces\LocalAIFactory.Workspaces.csproj", "{77B6698B-ABFF-4787-A313-FD91AEF77190}"
EndProject
Project("{9A19103F-16F7-4668-BE54-9A1E7A4F7556}") = "LocalAIFactory.Terminal", "src\LocalAIFactory.Terminal\LocalAIFactory.Terminal.csproj", "{5CCB1B94-57AA-479A-A789-BCE91375BFA7}"
EndProject
Project("{9A19103F-16F7-4668-BE54-9A1E7A4F7556}") = "LocalAIFactory.Web", "src\LocalAIFactory.Web\LocalAIFactory.Web.csproj", "{616E67A1-FAAC-4A25-83AF-B692246C8A38}"
EndProject
Project("{2150E333-8FDC-42A3-9474-1A3956D46DE8}") = "tests", "tests", "{0AB3BF05-4346-4AA6-1389-037BE0695223}"
EndProject
Project("{FAE04EC0-301F-11D3-BF4B-00C04F79EFBC}") = "LocalAIFactory.Tests", "tests\LocalAIFactory.Tests\LocalAIFactory.Tests.csproj", "{8BB0260F-57DE-480C-A476-F6CB980F4CE7}"
EndProject
Project("{2150E333-8FDC-42A3-9474-1A3956D46DE8}") = "src", "src", "{827E0CD3-B72D-47B6-A68D-7590B98EB39B}"
EndProject
Project("{2150E333-8FDC-42A3-9474-1A3956D46DE8}") = "tools", "tools", "{07C2787E-EAC7-C090-1BA3-A61EC2A24D84}"
EndProject
Project("{FAE04EC0-301F-11D3-BF4B-00C04F79EFBC}") = "LocalAIFactory.Benchmark", "tools\LocalAIFactory.Benchmark\LocalAIFactory.Benchmark.csproj", "{CD9A9D43-A58F-4899-8139-51142DB6A46C}"
EndProject
Project("{FAE04EC0-301F-11D3-BF4B-00C04F79EFBC}") = "LocalAIFactory.Reasoning", "src\LocalAIFactory.Reasoning\LocalAIFactory.Reasoning.csproj", "{816E839C-C77C-4EA8-B372-90FD429129AA}"
EndProject
Project("{FAE04EC0-301F-11D3-BF4B-00C04F79EFBC}") = "LocalAIFactory.Reasoning.Tests", "tests\LocalAIFactory.Reasoning.Tests\LocalAIFactory.Reasoning.Tests.csproj", "{4B5F74D7-ADBF-4404-93E3-4D6BEFEC4CA8}"
EndProject
Project("{FAE04EC0-301F-11D3-BF4B-00C04F79EFBC}") = "LocalAIFactory.CodeBlocks", "src\LocalAIFactory.CodeBlocks\LocalAIFactory.CodeBlocks.csproj", "{0F3D5182-8942-44C3-A6B0-A24FC9A177B7}"
EndProject
Project("{FAE04EC0-301F-11D3-BF4B-00C04F79EFBC}") = "LocalAIFactory.CodeBlocks.Tests", "tests\LocalAIFactory.CodeBlocks.Tests\LocalAIFactory.CodeBlocks.Tests.csproj", "{695278A6-65BC-4C7C-AAA4-69547862E757}"
EndProject
Project("{FAE04EC0-301F-11D3-BF4B-00C04F79EFBC}") = "LocalAIFactory.PythonBridge", "src\LocalAIFactory.PythonBridge\LocalAIFactory.PythonBridge.csproj", "{E0FF8BEF-8095-4CB8-8333-96E7766D7F9C}"
EndProject
Project("{FAE04EC0-301F-11D3-BF4B-00C04F79EFBC}") = "LocalAIFactory.PythonBridge.Tests", "tests\LocalAIFactory.PythonBridge.Tests\LocalAIFactory.PythonBridge.Tests.csproj", "{12B4A823-4A4E-4690-B6D6-D04ED8EAE136}"
EndProject
Project("{FAE04EC0-301F-11D3-BF4B-00C04F79EFBC}") = "LocalAIFactory.KnowledgeGrowth", "src\LocalAIFactory.KnowledgeGrowth\LocalAIFactory.KnowledgeGrowth.csproj", "{6541006F-FC22-4B53-8341-A743C589209B}"
EndProject
Project("{FAE04EC0-301F-11D3-BF4B-00C04F79EFBC}") = "LocalAIFactory.KnowledgeGrowth.Tests", "tests\LocalAIFactory.KnowledgeGrowth.Tests\LocalAIFactory.KnowledgeGrowth.Tests.csproj", "{68E0E1AE-396B-416E-BC00-BC57892BA147}"
EndProject
Global
	GlobalSection(SolutionConfigurationPlatforms) = preSolution
		Debug|Any CPU = Debug|Any CPU
		Debug|x64 = Debug|x64
		Debug|x86 = Debug|x86
		Release|Any CPU = Release|Any CPU
		Release|x64 = Release|x64
		Release|x86 = Release|x86
	EndGlobalSection
	GlobalSection(ProjectConfigurationPlatforms) = postSolution
		{62F3204B-B46F-4826-8C35-245297E9ED2A}.Debug|Any CPU.ActiveCfg = Debug|Any CPU
		{62F3204B-B46F-4826-8C35-245297E9ED2A}.Debug|Any CPU.Build.0 = Debug|Any CPU
		{62F3204B-B46F-4826-8C35-245297E9ED2A}.Debug|x64.ActiveCfg = Debug|Any CPU
		{62F3204B-B46F-4826-8C35-245297E9ED2A}.Debug|x64.Build.0 = Debug|Any CPU
		{62F3204B-B46F-4826-8C35-245297E9ED2A}.Debug|x86.ActiveCfg = Debug|Any CPU
		{62F3204B-B46F-4826-8C35-245297E9ED2A}.Debug|x86.Build.0 = Debug|Any CPU
		{62F3204B-B46F-4826-8C35-245297E9ED2A}.Release|Any CPU.ActiveCfg = Release|Any CPU
		{62F3204B-B46F-4826-8C35-245297E9ED2A}.Release|Any CPU.Build.0 = Release|Any CPU
		{62F3204B-B46F-4826-8C35-245297E9ED2A}.Release|x64.ActiveCfg = Release|Any CPU
		{62F3204B-B46F-4826-8C35-245297E9ED2A}.Release|x64.Build.0 = Release|Any CPU
		{62F3204B-B46F-4826-8C35-245297E9ED2A}.Release|x86.ActiveCfg = Release|Any CPU
		{62F3204B-B46F-4826-8C35-245297E9ED2A}.Release|x86.Build.0 = Release|Any CPU
		{67115489-BB5C-4FC6-B1CE-7995D05ACBE4}.Debug|Any CPU.ActiveCfg = Debug|Any CPU
		{67115489-BB5C-4FC6-B1CE-7995D05ACBE4}.Debug|Any CPU.Build.0 = Debug|Any CPU
		{67115489-BB5C-4FC6-B1CE-7995D05ACBE4}.Debug|x64.ActiveCfg = Debug|Any CPU
		{67115489-BB5C-4FC6-B1CE-7995D05ACBE4}.Debug|x64.Build.0 = Debug|Any CPU
		{67115489-BB5C-4FC6-B1CE-7995D05ACBE4}.Debug|x86.ActiveCfg = Debug|Any CPU
		{67115489-BB5C-4FC6-B1CE-7995D05ACBE4}.Debug|x86.Build.0 = Debug|Any CPU
		{67115489-BB5C-4FC6-B1CE-7995D05ACBE4}.Release|Any CPU.ActiveCfg = Release|Any CPU
		{67115489-BB5C-4FC6-B1CE-7995D05ACBE4}.Release|Any CPU.Build.0 = Release|Any CPU
		{67115489-BB5C-4FC6-B1CE-7995D05ACBE4}.Release|x64.ActiveCfg = Release|Any CPU
		{67115489-BB5C-4FC6-B1CE-7995D05ACBE4}.Release|x64.Build.0 = Release|Any CPU
		{67115489-BB5C-4FC6-B1CE-7995D05ACBE4}.Release|x86.ActiveCfg = Release|Any CPU
		{67115489-BB5C-4FC6-B1CE-7995D05ACBE4}.Release|x86.Build.0 = Release|Any CPU
		{7AD8761D-5780-49D4-AEA8-C1D1F01F2E90}.Debug|Any CPU.ActiveCfg = Debug|Any CPU
		{7AD8761D-5780-49D4-AEA8-C1D1F01F2E90}.Debug|Any CPU.Build.0 = Debug|Any CPU
		{7AD8761D-5780-49D4-AEA8-C1D1F01F2E90}.Debug|x64.ActiveCfg = Debug|Any CPU
		{7AD8761D-5780-49D4-AEA8-C1D1F01F2E90}.Debug|x64.Build.0 = Debug|Any CPU
		{7AD8761D-5780-49D4-AEA8-C1D1F01F2E90}.Debug|x86.ActiveCfg = Debug|Any CPU
		{7AD8761D-5780-49D4-AEA8-C1D1F01F2E90}.Debug|x86.Build.0 = Debug|Any CPU
		{7AD8761D-5780-49D4-AEA8-C1D1F01F2E90}.Release|Any CPU.ActiveCfg = Release|Any CPU
		{7AD8761D-5780-49D4-AEA8-C1D1F01F2E90}.Release|Any CPU.Build.0 = Release|Any CPU
		{7AD8761D-5780-49D4-AEA8-C1D1F01F2E90}.Release|x64.ActiveCfg = Release|Any CPU
		{7AD8761D-5780-49D4-AEA8-C1D1F01F2E90}.Release|x64.Build.0 = Release|Any CPU
		{7AD8761D-5780-49D4-AEA8-C1D1F01F2E90}.Release|x86.ActiveCfg = Release|Any CPU
		{7AD8761D-5780-49D4-AEA8-C1D1F01F2E90}.Release|x86.Build.0 = Release|Any CPU
		{4909200F-024F-494F-BF24-F1D4686CC443}.Debug|Any CPU.ActiveCfg = Debug|Any CPU
		{4909200F-024F-494F-BF24-F1D4686CC443}.Debug|Any CPU.Build.0 = Debug|Any CPU
		{4909200F-024F-494F-BF24-F1D4686CC443}.Debug|x64.ActiveCfg = Debug|Any CPU
		{4909200F-024F-494F-BF24-F1D4686CC443}.Debug|x64.Build.0 = Debug|Any CPU
		{4909200F-024F-494F-BF24-F1D4686CC443}.Debug|x86.ActiveCfg = Debug|Any CPU
		{4909200F-024F-494F-BF24-F1D4686CC443}.Debug|x86.Build.0 = Debug|Any CPU
		{4909200F-024F-494F-BF24-F1D4686CC443}.Release|Any CPU.ActiveCfg = Release|Any CPU
		{4909200F-024F-494F-BF24-F1D4686CC443}.Release|Any CPU.Build.0 = Release|Any CPU
		{4909200F-024F-494F-BF24-F1D4686CC443}.Release|x64.ActiveCfg = Release|Any CPU
		{4909200F-024F-494F-BF24-F1D4686CC443}.Release|x64.Build.0 = Release|Any CPU
		{4909200F-024F-494F-BF24-F1D4686CC443}.Release|x86.ActiveCfg = Release|Any CPU
		{4909200F-024F-494F-BF24-F1D4686CC443}.Release|x86.Build.0 = Release|Any CPU
		{632C10C1-3B64-4705-B5D7-B6B631D4DC79}.Debug|Any CPU.ActiveCfg = Debug|Any CPU
		{632C10C1-3B64-4705-B5D7-B6B631D4DC79}.Debug|Any CPU.Build.0 = Debug|Any CPU
		{632C10C1-3B64-4705-B5D7-B6B631D4DC79}.Debug|x64.ActiveCfg = Debug|Any CPU
		{632C10C1-3B64-4705-B5D7-B6B631D4DC79}.Debug|x64.Build.0 = Debug|Any CPU
		{632C10C1-3B64-4705-B5D7-B6B631D4DC79}.Debug|x86.ActiveCfg = Debug|Any CPU
		{632C10C1-3B64-4705-B5D7-B6B631D4DC79}.Debug|x86.Build.0 = Debug|Any CPU
		{632C10C1-3B64-4705-B5D7-B6B631D4DC79}.Release|Any CPU.ActiveCfg = Release|Any CPU
		{632C10C1-3B64-4705-B5D7-B6B631D4DC79}.Release|Any CPU.Build.0 = Release|Any CPU
		{632C10C1-3B64-4705-B5D7-B6B631D4DC79}.Release|x64.ActiveCfg = Release|Any CPU
		{632C10C1-3B64-4705-B5D7-B6B631D4DC79}.Release|x64.Build.0 = Release|Any CPU
		{632C10C1-3B64-4705-B5D7-B6B631D4DC79}.Release|x86.ActiveCfg = Release|Any CPU
		{632C10C1-3B64-4705-B5D7-B6B631D4DC79}.Release|x86.Build.0 = Release|Any CPU
		{77B6698B-ABFF-4787-A313-FD91AEF77190}.Debug|Any CPU.ActiveCfg = Debug|Any CPU
		{77B6698B-ABFF-4787-A313-FD91AEF77190}.Debug|Any CPU.Build.0 = Debug|Any CPU
		{77B6698B-ABFF-4787-A313-FD91AEF77190}.Debug|x64.ActiveCfg = Debug|Any CPU
		{77B6698B-ABFF-4787-A313-FD91AEF77190}.Debug|x64.Build.0 = Debug|Any CPU
		{77B6698B-ABFF-4787-A313-FD91AEF77190}.Debug|x86.ActiveCfg = Debug|Any CPU
		{77B6698B-ABFF-4787-A313-FD91AEF77190}.Debug|x86.Build.0 = Debug|Any CPU
		{77B6698B-ABFF-4787-A313-FD91AEF77190}.Release|Any CPU.ActiveCfg = Release|Any CPU
		{77B6698B-ABFF-4787-A313-FD91AEF77190}.Release|Any CPU.Build.0 = Release|Any CPU
		{77B6698B-ABFF-4787-A313-FD91AEF77190}.Release|x64.ActiveCfg = Release|Any CPU
		{77B6698B-ABFF-4787-A313-FD91AEF77190}.Release|x64.Build.0 = Release|Any CPU
		{77B6698B-ABFF-4787-A313-FD91AEF77190}.Release|x86.ActiveCfg = Release|Any CPU
		{77B6698B-ABFF-4787-A313-FD91AEF77190}.Release|x86.Build.0 = Release|Any CPU
		{5CCB1B94-57AA-479A-A789-BCE91375BFA7}.Debug|Any CPU.ActiveCfg = Debug|Any CPU
		{5CCB1B94-57AA-479A-A789-BCE91375BFA7}.Debug|Any CPU.Build.0 = Debug|Any CPU
		{5CCB1B94-57AA-479A-A789-BCE91375BFA7}.Debug|x64.ActiveCfg = Debug|Any CPU
		{5CCB1B94-57AA-479A-A789-BCE91375BFA7}.Debug|x64.Build.0 = Debug|Any CPU
		{5CCB1B94-57AA-479A-A789-BCE91375BFA7}.Debug|x86.ActiveCfg = Debug|Any CPU
		{5CCB1B94-57AA-479A-A789-BCE91375BFA7}.Debug|x86.Build.0 = Debug|Any CPU
		{5CCB1B94-57AA-479A-A789-BCE91375BFA7}.Release|Any CPU.ActiveCfg = Release|Any CPU
		{5CCB1B94-57AA-479A-A789-BCE91375BFA7}.Release|Any CPU.Build.0 = Release|Any CPU
		{5CCB1B94-57AA-479A-A789-BCE91375BFA7}.Release|x64.ActiveCfg = Release|Any CPU
		{5CCB1B94-57AA-479A-A789-BCE91375BFA7}.Release|x64.Build.0 = Release|Any CPU
		{5CCB1B94-57AA-479A-A789-BCE91375BFA7}.Release|x86.ActiveCfg = Release|Any CPU
		{5CCB1B94-57AA-479A-A789-BCE91375BFA7}.Release|x86.Build.0 = Release|Any CPU
		{616E67A1-FAAC-4A25-83AF-B692246C8A38}.Debug|Any CPU.ActiveCfg = Debug|Any CPU
		{616E67A1-FAAC-4A25-83AF-B692246C8A38}.Debug|Any CPU.Build.0 = Debug|Any CPU
		{616E67A1-FAAC-4A25-83AF-B692246C8A38}.Debug|x64.ActiveCfg = Debug|Any CPU
		{616E67A1-FAAC-4A25-83AF-B692246C8A38}.Debug|x64.Build.0 = Debug|Any CPU
		{616E67A1-FAAC-4A25-83AF-B692246C8A38}.Debug|x86.ActiveCfg = Debug|Any CPU
		{616E67A1-FAAC-4A25-83AF-B692246C8A38}.Debug|x86.Build.0 = Debug|Any CPU
		{616E67A1-FAAC-4A25-83AF-B692246C8A38}.Release|Any CPU.ActiveCfg = Release|Any CPU
		{616E67A1-FAAC-4A25-83AF-B692246C8A38}.Release|Any CPU.Build.0 = Release|Any CPU
		{616E67A1-FAAC-4A25-83AF-B692246C8A38}.Release|x64.ActiveCfg = Release|Any CPU
		{616E67A1-FAAC-4A25-83AF-B692246C8A38}.Release|x64.Build.0 = Release|Any CPU
		{616E67A1-FAAC-4A25-83AF-B692246C8A38}.Release|x86.ActiveCfg = Release|Any CPU
		{616E67A1-FAAC-4A25-83AF-B692246C8A38}.Release|x86.Build.0 = Release|Any CPU
		{8BB0260F-57DE-480C-A476-F6CB980F4CE7}.Debug|Any CPU.ActiveCfg = Debug|Any CPU
		{8BB0260F-57DE-480C-A476-F6CB980F4CE7}.Debug|Any CPU.Build.0 = Debug|Any CPU
		{8BB0260F-57DE-480C-A476-F6CB980F4CE7}.Debug|x64.ActiveCfg = Debug|Any CPU
		{8BB0260F-57DE-480C-A476-F6CB980F4CE7}.Debug|x64.Build.0 = Debug|Any CPU
		{8BB0260F-57DE-480C-A476-F6CB980F4CE7}.Debug|x86.ActiveCfg = Debug|Any CPU
		{8BB0260F-57DE-480C-A476-F6CB980F4CE7}.Debug|x86.Build.0 = Debug|Any CPU
		{8BB0260F-57DE-480C-A476-F6CB980F4CE7}.Release|Any CPU.ActiveCfg = Release|Any CPU
		{8BB0260F-57DE-480C-A476-F6CB980F4CE7}.Release|Any CPU.Build.0 = Release|Any CPU
		{8BB0260F-57DE-480C-A476-F6CB980F4CE7}.Release|x64.ActiveCfg = Release|Any CPU
		{8BB0260F-57DE-480C-A476-F6CB980F4CE7}.Release|x64.Build.0 = Release|Any CPU
		{8BB0260F-57DE-480C-A476-F6CB980F4CE7}.Release|x86.ActiveCfg = Release|Any CPU
		{8BB0260F-57DE-480C-A476-F6CB980F4CE7}.Release|x86.Build.0 = Release|Any CPU
		{CD9A9D43-A58F-4899-8139-51142DB6A46C}.Debug|Any CPU.ActiveCfg = Debug|Any CPU
		{CD9A9D43-A58F-4899-8139-51142DB6A46C}.Debug|Any CPU.Build.0 = Debug|Any CPU
		{CD9A9D43-A58F-4899-8139-51142DB6A46C}.Debug|x64.ActiveCfg = Debug|Any CPU
		{CD9A9D43-A58F-4899-8139-51142DB6A46C}.Debug|x64.Build.0 = Debug|Any CPU
		{CD9A9D43-A58F-4899-8139-51142DB6A46C}.Debug|x86.ActiveCfg = Debug|Any CPU
		{CD9A9D43-A58F-4899-8139-51142DB6A46C}.Debug|x86.Build.0 = Debug|Any CPU
		{CD9A9D43-A58F-4899-8139-51142DB6A46C}.Release|Any CPU.ActiveCfg = Release|Any CPU
		{CD9A9D43-A58F-4899-8139-51142DB6A46C}.Release|Any CPU.Build.0 = Release|Any CPU
		{CD9A9D43-A58F-4899-8139-51142DB6A46C}.Release|x64.ActiveCfg = Release|Any CPU
		{CD9A9D43-A58F-4899-8139-51142DB6A46C}.Release|x64.Build.0 = Release|Any CPU
		{CD9A9D43-A58F-4899-8139-51142DB6A46C}.Release|x86.ActiveCfg = Release|Any CPU
		{CD9A9D43-A58F-4899-8139-51142DB6A46C}.Release|x86.Build.0 = Release|Any CPU
		{816E839C-C77C-4EA8-B372-90FD429129AA}.Debug|Any CPU.ActiveCfg = Debug|Any CPU
		{816E839C-C77C-4EA8-B372-90FD429129AA}.Debug|Any CPU.Build.0 = Debug|Any CPU
		{816E839C-C77C-4EA8-B372-90FD429129AA}.Debug|x64.ActiveCfg = Debug|Any CPU
		{816E839C-C77C-4EA8-B372-90FD429129AA}.Debug|x64.Build.0 = Debug|Any CPU
		{816E839C-C77C-4EA8-B372-90FD429129AA}.Debug|x86.ActiveCfg = Debug|Any CPU
		{816E839C-C77C-4EA8-B372-90FD429129AA}.Debug|x86.Build.0 = Debug|Any CPU
		{816E839C-C77C-4EA8-B372-90FD429129AA}.Release|Any CPU.ActiveCfg = Release|Any CPU
		{816E839C-C77C-4EA8-B372-90FD429129AA}.Release|Any CPU.Build.0 = Release|Any CPU
		{816E839C-C77C-4EA8-B372-90FD429129AA}.Release|x64.ActiveCfg = Release|Any CPU
		{816E839C-C77C-4EA8-B372-90FD429129AA}.Release|x64.Build.0 = Release|Any CPU
		{816E839C-C77C-4EA8-B372-90FD429129AA}.Release|x86.ActiveCfg = Release|Any CPU
		{816E839C-C77C-4EA8-B372-90FD429129AA}.Release|x86.Build.0 = Release|Any CPU
		{4B5F74D7-ADBF-4404-93E3-4D6BEFEC4CA8}.Debug|Any CPU.ActiveCfg = Debug|Any CPU
		{4B5F74D7-ADBF-4404-93E3-4D6BEFEC4CA8}.Debug|Any CPU.Build.0 = Debug|Any CPU
		{4B5F74D7-ADBF-4404-93E3-4D6BEFEC4CA8}.Debug|x64.ActiveCfg = Debug|Any CPU
		{4B5F74D7-ADBF-4404-93E3-4D6BEFEC4CA8}.Debug|x64.Build.0 = Debug|Any CPU
		{4B5F74D7-ADBF-4404-93E3-4D6BEFEC4CA8}.Debug|x86.ActiveCfg = Debug|Any CPU
		{4B5F74D7-ADBF-4404-93E3-4D6BEFEC4CA8}.Debug|x86.Build.0 = Debug|Any CPU
		{4B5F74D7-ADBF-4404-93E3-4D6BEFEC4CA8}.Release|Any CPU.ActiveCfg = Release|Any CPU
		{4B5F74D7-ADBF-4404-93E3-4D6BEFEC4CA8}.Release|Any CPU.Build.0 = Release|Any CPU
		{4B5F74D7-ADBF-4404-93E3-4D6BEFEC4CA8}.Release|x64.ActiveCfg = Release|Any CPU
		{4B5F74D7-ADBF-4404-93E3-4D6BEFEC4CA8}.Release|x64.Build.0 = Release|Any CPU
		{4B5F74D7-ADBF-4404-93E3-4D6BEFEC4CA8}.Release|x86.ActiveCfg = Release|Any CPU
		{4B5F74D7-ADBF-4404-93E3-4D6BEFEC4CA8}.Release|x86.Build.0 = Release|Any CPU
		{0F3D5182-8942-44C3-A6B0-A24FC9A177B7}.Debug|Any CPU.ActiveCfg = Debug|Any CPU
		{0F3D5182-8942-44C3-A6B0-A24FC9A177B7}.Debug|Any CPU.Build.0 = Debug|Any CPU
		{0F3D5182-8942-44C3-A6B0-A24FC9A177B7}.Debug|x64.ActiveCfg = Debug|Any CPU
		{0F3D5182-8942-44C3-A6B0-A24FC9A177B7}.Debug|x64.Build.0 = Debug|Any CPU
		{0F3D5182-8942-44C3-A6B0-A24FC9A177B7}.Debug|x86.ActiveCfg = Debug|Any CPU
		{0F3D5182-8942-44C3-A6B0-A24FC9A177B7}.Debug|x86.Build.0 = Debug|Any CPU
		{0F3D5182-8942-44C3-A6B0-A24FC9A177B7}.Release|Any CPU.ActiveCfg = Release|Any CPU
		{0F3D5182-8942-44C3-A6B0-A24FC9A177B7}.Release|Any CPU.Build.0 = Release|Any CPU
		{0F3D5182-8942-44C3-A6B0-A24FC9A177B7}.Release|x64.ActiveCfg = Release|Any CPU
		{0F3D5182-8942-44C3-A6B0-A24FC9A177B7}.Release|x64.Build.0 = Release|Any CPU
		{0F3D5182-8942-44C3-A6B0-A24FC9A177B7}.Release|x86.ActiveCfg = Release|Any CPU
		{0F3D5182-8942-44C3-A6B0-A24FC9A177B7}.Release|x86.Build.0 = Release|Any CPU
		{695278A6-65BC-4C7C-AAA4-69547862E757}.Debug|Any CPU.ActiveCfg = Debug|Any CPU
		{695278A6-65BC-4C7C-AAA4-69547862E757}.Debug|Any CPU.Build.0 = Debug|Any CPU
		{695278A6-65BC-4C7C-AAA4-69547862E757}.Debug|x64.ActiveCfg = Debug|Any CPU
		{695278A6-65BC-4C7C-AAA4-69547862E757}.Debug|x64.Build.0 = Debug|Any CPU
		{695278A6-65BC-4C7C-AAA4-69547862E757}.Debug|x86.ActiveCfg = Debug|Any CPU
		{695278A6-65BC-4C7C-AAA4-69547862E757}.Debug|x86.Build.0 = Debug|Any CPU
		{695278A6-65BC-4C7C-AAA4-69547862E757}.Release|Any CPU.ActiveCfg = Release|Any CPU
		{695278A6-65BC-4C7C-AAA4-69547862E757}.Release|Any CPU.Build.0 = Release|Any CPU
		{695278A6-65BC-4C7C-AAA4-69547862E757}.Release|x64.ActiveCfg = Release|Any CPU
		{695278A6-65BC-4C7C-AAA4-69547862E757}.Release|x64.Build.0 = Release|Any CPU
		{695278A6-65BC-4C7C-AAA4-69547862E757}.Release|x86.ActiveCfg = Release|Any CPU
		{695278A6-65BC-4C7C-AAA4-69547862E757}.Release|x86.Build.0 = Release|Any CPU
		{E0FF8BEF-8095-4CB8-8333-96E7766D7F9C}.Debug|Any CPU.ActiveCfg = Debug|Any CPU
		{E0FF8BEF-8095-4CB8-8333-96E7766D7F9C}.Debug|Any CPU.Build.0 = Debug|Any CPU
		{E0FF8BEF-8095-4CB8-8333-96E7766D7F9C}.Debug|x64.ActiveCfg = Debug|Any CPU
		{E0FF8BEF-8095-4CB8-8333-96E7766D7F9C}.Debug|x64.Build.0 = Debug|Any CPU
		{E0FF8BEF-8095-4CB8-8333-96E7766D7F9C}.Debug|x86.ActiveCfg = Debug|Any CPU
		{E0FF8BEF-8095-4CB8-8333-96E7766D7F9C}.Debug|x86.Build.0 = Debug|Any CPU
		{E0FF8BEF-8095-4CB8-8333-96E7766D7F9C}.Release|Any CPU.ActiveCfg = Release|Any CPU
		{E0FF8BEF-8095-4CB8-8333-96E7766D7F9C}.Release|Any CPU.Build.0 = Release|Any CPU
		{E0FF8BEF-8095-4CB8-8333-96E7766D7F9C}.Release|x64.ActiveCfg = Release|Any CPU
		{E0FF8BEF-8095-4CB8-8333-96E7766D7F9C}.Release|x64.Build.0 = Release|Any CPU
		{E0FF8BEF-8095-4CB8-8333-96E7766D7F9C}.Release|x86.ActiveCfg = Release|Any CPU
		{E0FF8BEF-8095-4CB8-8333-96E7766D7F9C}.Release|x86.Build.0 = Release|Any CPU
		{12B4A823-4A4E-4690-B6D6-D04ED8EAE136}.Debug|Any CPU.ActiveCfg = Debug|Any CPU
		{12B4A823-4A4E-4690-B6D6-D04ED8EAE136}.Debug|Any CPU.Build.0 = Debug|Any CPU
		{12B4A823-4A4E-4690-B6D6-D04ED8EAE136}.Debug|x64.ActiveCfg = Debug|Any CPU
		{12B4A823-4A4E-4690-B6D6-D04ED8EAE136}.Debug|x64.Build.0 = Debug|Any CPU
		{12B4A823-4A4E-4690-B6D6-D04ED8EAE136}.Debug|x86.ActiveCfg = Debug|Any CPU
		{12B4A823-4A4E-4690-B6D6-D04ED8EAE136}.Debug|x86.Build.0 = Debug|Any CPU
		{12B4A823-4A4E-4690-B6D6-D04ED8EAE136}.Release|Any CPU.ActiveCfg = Release|Any CPU
		{12B4A823-4A4E-4690-B6D6-D04ED8EAE136}.Release|Any CPU.Build.0 = Release|Any CPU
		{12B4A823-4A4E-4690-B6D6-D04ED8EAE136}.Release|x64.ActiveCfg = Release|Any CPU
		{12B4A823-4A4E-4690-B6D6-D04ED8EAE136}.Release|x64.Build.0 = Release|Any CPU
		{12B4A823-4A4E-4690-B6D6-D04ED8EAE136}.Release|x86.ActiveCfg = Release|Any CPU
		{12B4A823-4A4E-4690-B6D6-D04ED8EAE136}.Release|x86.Build.0 = Release|Any CPU
		{6541006F-FC22-4B53-8341-A743C589209B}.Debug|Any CPU.ActiveCfg = Debug|Any CPU
		{6541006F-FC22-4B53-8341-A743C589209B}.Debug|Any CPU.Build.0 = Debug|Any CPU
		{6541006F-FC22-4B53-8341-A743C589209B}.Debug|x64.ActiveCfg = Debug|Any CPU
		{6541006F-FC22-4B53-8341-A743C589209B}.Debug|x64.Build.0 = Debug|Any CPU
		{6541006F-FC22-4B53-8341-A743C589209B}.Debug|x86.ActiveCfg = Debug|Any CPU
		{6541006F-FC22-4B53-8341-A743C589209B}.Debug|x86.Build.0 = Debug|Any CPU
		{6541006F-FC22-4B53-8341-A743C589209B}.Release|Any CPU.ActiveCfg = Release|Any CPU
		{6541006F-FC22-4B53-8341-A743C589209B}.Release|Any CPU.Build.0 = Release|Any CPU
		{6541006F-FC22-4B53-8341-A743C589209B}.Release|x64.ActiveCfg = Release|Any CPU
		{6541006F-FC22-4B53-8341-A743C589209B}.Release|x64.Build.0 = Release|Any CPU
		{6541006F-FC22-4B53-8341-A743C589209B}.Release|x86.ActiveCfg = Release|Any CPU
		{6541006F-FC22-4B53-8341-A743C589209B}.Release|x86.Build.0 = Release|Any CPU
		{68E0E1AE-396B-416E-BC00-BC57892BA147}.Debug|Any CPU.ActiveCfg = Debug|Any CPU
		{68E0E1AE-396B-416E-BC00-BC57892BA147}.Debug|Any CPU.Build.0 = Debug|Any CPU
		{68E0E1AE-396B-416E-BC00-BC57892BA147}.Debug|x64.ActiveCfg = Debug|Any CPU
		{68E0E1AE-396B-416E-BC00-BC57892BA147}.Debug|x64.Build.0 = Debug|Any CPU
		{68E0E1AE-396B-416E-BC00-BC57892BA147}.Debug|x86.ActiveCfg = Debug|Any CPU
		{68E0E1AE-396B-416E-BC00-BC57892BA147}.Debug|x86.Build.0 = Debug|Any CPU
		{68E0E1AE-396B-416E-BC00-BC57892BA147}.Release|Any CPU.ActiveCfg = Release|Any CPU
		{68E0E1AE-396B-416E-BC00-BC57892BA147}.Release|Any CPU.Build.0 = Release|Any CPU
		{68E0E1AE-396B-416E-BC00-BC57892BA147}.Release|x64.ActiveCfg = Release|Any CPU
		{68E0E1AE-396B-416E-BC00-BC57892BA147}.Release|x64.Build.0 = Release|Any CPU
		{68E0E1AE-396B-416E-BC00-BC57892BA147}.Release|x86.ActiveCfg = Release|Any CPU
		{68E0E1AE-396B-416E-BC00-BC57892BA147}.Release|x86.Build.0 = Release|Any CPU
	EndGlobalSection
	GlobalSection(SolutionProperties) = preSolution
		HideSolutionNode = FALSE
	EndGlobalSection
	GlobalSection(NestedProjects) = preSolution
		{8BB0260F-57DE-480C-A476-F6CB980F4CE7} = {0AB3BF05-4346-4AA6-1389-037BE0695223}
		{CD9A9D43-A58F-4899-8139-51142DB6A46C} = {07C2787E-EAC7-C090-1BA3-A61EC2A24D84}
		{816E839C-C77C-4EA8-B372-90FD429129AA} = {827E0CD3-B72D-47B6-A68D-7590B98EB39B}
		{4B5F74D7-ADBF-4404-93E3-4D6BEFEC4CA8} = {0AB3BF05-4346-4AA6-1389-037BE0695223}
		{0F3D5182-8942-44C3-A6B0-A24FC9A177B7} = {827E0CD3-B72D-47B6-A68D-7590B98EB39B}
		{695278A6-65BC-4C7C-AAA4-69547862E757} = {0AB3BF05-4346-4AA6-1389-037BE0695223}
		{E0FF8BEF-8095-4CB8-8333-96E7766D7F9C} = {827E0CD3-B72D-47B6-A68D-7590B98EB39B}
		{12B4A823-4A4E-4690-B6D6-D04ED8EAE136} = {0AB3BF05-4346-4AA6-1389-037BE0695223}
		{6541006F-FC22-4B53-8341-A743C589209B} = {827E0CD3-B72D-47B6-A68D-7590B98EB39B}
		{68E0E1AE-396B-416E-BC00-BC57892BA147} = {0AB3BF05-4346-4AA6-1389-037BE0695223}
	EndGlobalSection
	GlobalSection(ExtensibilityGlobals) = postSolution
		SolutionGuid = {312BC482-732E-447D-A03F-F9819F3065C3}
	EndGlobalSection
EndGlobal
